
Microsoft Visual Studio Solution File, Format Version 12.00
# Visual Studio 15
VisualStudioVersion = 15.0.28010.2026
MinimumVisualStudioVersion = 10.0.40219.1
Project("{8BC9CEB8-8B4A-11D0-8D11-00A0C91BC942}") = "ltn", "ltn\ltn.vcxproj", "{63339461-EC79-4205-B8DE-50C563EDA7C2}"
EndProject
Global
	GlobalSection(SolutionConfigurationPlatforms) = preSolution
		Debug|x64 = Debug|x64
		Debug|x86 = Debug|x86
		Release|x64 = Release|x64
		Release|x86 = Release|x86
	EndGlobalSection
	GlobalSection(ProjectConfigurationPlatforms) = postSolution
		{63339461-EC79-4205-B8DE-50C563EDA7C2}.Debug|x64.ActiveCfg = Debug|x64
		{63339461-EC79-4205-B8DE-50C563EDA7C2}.Debug|x64.Build.0 = Debug|x64
		{63339461-EC79-4205-B8DE-50C563EDA7C2}.Debug|x86.ActiveCfg = Debug|Win32
		{63339461-EC79-4205-B8DE-50C563EDA7C2}.Debug|x86.Build.0 = Debug|Win32
		{63339461-EC79-4205-B8DE-50C563EDA7C2}.Release|x64.ActiveCfg = Release|x64
		{63339461-EC79-4205-B8DE-50C563EDA7C2}.Release|x64.Build.0 = Release|x64
		{63339461-EC79-4205-B8DE-50C563EDA7C2}.Release|x86.ActiveCfg = Release|Win32
		{63339461-EC79-4205-B8DE-50C563EDA7C2}.Release|x86.Build.0 = Release|Win32
	EndGlobalSection
	GlobalSection(SolutionProperties) = preSolution
		HideSolutionNode = FALSE
	EndGlobalSection
	GlobalSection(ExtensibilityGlobals) = postSolution
		SolutionGuid = {1B97C225-8C34-4178-A25E-387539D674C2}
	EndGlobalSection
EndGlobal
